{
  "name": "turf-node-example",
  "version": "2.0.0",
  "lockfileVersion": 1,
  "dependencies": {
    "@mapbox/geojson-area": {
      "version": "0.2.2",
      "resolved": "https://registry.npmjs.org/@mapbox/geojson-area/-/geojson-area-0.2.2.tgz",
      "integrity": "sha1-GNeBSqNr8j+7zDefjiaiKSfevxA="
    },
    "@turf/along": {
      "version": "4.4.0",
      "resolved": "https://registry.npmjs.org/@turf/along/-/along-4.4.0.tgz",
      "integrity": "sha1-NJ9W+Sw/EhVY5T5RWRxo3t19qrY="
    },
    "@turf/area": {
      "version": "4.4.0",
      "resolved": "https://registry.npmjs.org/@turf/area/-/area-4.4.0.tgz",
      "integrity": "sha1-sQqwLHv5VauzCt7+9lhbTy9NNtY="
    },
    "@turf/bbox": {
      "version": "4.4.0",
      "resolved": "https://registry.npmjs.org/@turf/bbox/-/bbox-4.4.0.tgz",
      "integrity": "sha1-MUlFjrQUBEJ894apD7NoCg6Kq1U="
    },
    "@turf/bbox-clip": {
      "version": "4.4.0",
      "resolved": "https://registry.npmjs.org/@turf/bbox-clip/-/bbox-clip-4.4.0.tgz",
      "integrity": "sha1-DDgSNkz7zkbo/gR6SnW4+YUM2HU="
    },
    "@turf/bbox-polygon": {
      "version": "4.4.0",
      "resolved": "https://registry.npmjs.org/@turf/bbox-polygon/-/bbox-polygon-4.4.0.tgz",
      "integrity": "sha1-QLF+0GPwci50B9zW+tA7/OV7WhU="
    },
    "@turf/bearing": {
      "version": "4.4.0",
      "resolved": "https://registry.npmjs.org/@turf/bearing/-/bearing-4.4.0.tgz",
      "integrity": "sha1-uFGd0uYDlyBrMynlI3GxHcC3d+0="
    },
    "@turf/bezier": {
      "version": "4.4.0",
      "resolved": "https://registry.npmjs.org/@turf/bezier/-/bezier-4.4.0.tgz",
      "integrity": "sha1-U9k6jTcTIxUkAjk1vROM2NDlGbY="
    },
    "@turf/buffer": {
      "version": "4.4.0",
      "resolved": "https://registry.npmjs.org/@turf/buffer/-/buffer-4.4.0.tgz",
      "integrity": "sha1-YGPbEGqlDNmVhMTOoi9dDE+8Q8w="
    },
    "@turf/center": {
      "version": "4.4.0",
      "resolved": "https://registry.npmjs.org/@turf/center/-/center-4.4.0.tgz",
      "integrity": "sha1-WQe01k+qi5K25URrhPKhUMPg4Js="
    },
    "@turf/center-of-mass": {
      "version": "4.4.0",
      "resolved": "https://registry.npmjs.org/@turf/center-of-mass/-/center-of-mass-4.4.0.tgz",
      "integrity": "sha1-3ekBsqgpRi8hZb6E44hWC5Iu7as="
    },
    "@turf/centroid": {
      "version": "4.4.0",
      "resolved": "https://registry.npmjs.org/@turf/centroid/-/centroid-4.4.0.tgz",
      "integrity": "sha1-SMev/f315vi6V4KzQtF9wr5X5pg="
    },
    "@turf/circle": {
      "version": "4.4.0",
      "resolved": "https://registry.npmjs.org/@turf/circle/-/circle-4.4.0.tgz",
      "integrity": "sha1-0BhbDBns96RwvuFmA9bgwQHjDvA="
    },
    "@turf/collect": {
      "version": "4.4.0",
      "resolved": "https://registry.npmjs.org/@turf/collect/-/collect-4.4.0.tgz",
      "integrity": "sha1-Ngpiswg+zdRXULJFDeL3SPPtH5k="
    },
    "@turf/combine": {
      "version": "4.4.0",
      "resolved": "https://registry.npmjs.org/@turf/combine/-/combine-4.4.0.tgz",
      "integrity": "sha1-vVNL9SpnpzO3UnHCBJjegOIwoAo="
    },
    "@turf/concave": {
      "version": "4.4.0",
      "resolved": "https://registry.npmjs.org/@turf/concave/-/concave-4.4.0.tgz",
      "integrity": "sha1-UzqeyOXgg8aOavynAuZyb2XnU4M="
    },
    "@turf/convex": {
      "version": "4.4.0",
      "resolved": "https://registry.npmjs.org/@turf/convex/-/convex-4.4.0.tgz",
      "integrity": "sha1-VBf3z+gld2tJtfWzPf/lDBg3Doc="
    },
    "@turf/destination": {
      "version": "4.4.0",
      "resolved": "https://registry.npmjs.org/@turf/destination/-/destination-4.4.0.tgz",
      "integrity": "sha1-InWeiI9g0vvREbVRvjpNEuP6Rug="
    },
    "@turf/difference": {
      "version": "4.4.0",
      "resolved": "https://registry.npmjs.org/@turf/difference/-/difference-4.4.0.tgz",
      "integrity": "sha1-eATeL1bhWj3DJw620TL/gEjkJSY="
    },
    "@turf/dissolve": {
      "version": "4.4.0",
      "resolved": "https://registry.npmjs.org/@turf/dissolve/-/dissolve-4.4.0.tgz",
      "integrity": "sha1-f4Q4kz6T8bOtlyB3czfpNoNtI/8="
    },
    "@turf/distance": {
      "version": "4.4.0",
      "resolved": "https://registry.npmjs.org/@turf/distance/-/distance-4.4.0.tgz",
      "integrity": "sha1-YQH1lRyvTn7lwAZUCQBXSvLxBr0="
    },
    "@turf/envelope": {
      "version": "4.4.0",
      "resolved": "https://registry.npmjs.org/@turf/envelope/-/envelope-4.4.0.tgz",
      "integrity": "sha1-4Ajk5zp5BU6ggkxUoqNMUp1CwfE="
    },
    "@turf/explode": {
      "version": "4.4.0",
      "resolved": "https://registry.npmjs.org/@turf/explode/-/explode-4.4.0.tgz",
      "integrity": "sha1-JoCosw6hP1PhuefGQk/fvLC2yr0="
    },
    "@turf/flatten": {
      "version": "4.4.0",
      "resolved": "https://registry.npmjs.org/@turf/flatten/-/flatten-4.4.0.tgz",
      "integrity": "sha1-gezvM+andTrogeBX3a0hE8bN39w="
    },
    "@turf/flip": {
      "version": "4.4.0",
      "resolved": "https://registry.npmjs.org/@turf/flip/-/flip-4.4.0.tgz",
      "integrity": "sha1-o5zFs5nUSRp6BpsjbEKCkrhUncI="
    },
    "@turf/great-circle": {
      "version": "4.4.0",
      "resolved": "https://registry.npmjs.org/@turf/great-circle/-/great-circle-4.4.0.tgz",
      "integrity": "sha1-36fBM+fce4/DuSZ8F/V51uyZR8Q="
    },
    "@turf/helpers": {
      "version": "4.4.0",
      "resolved": "https://registry.npmjs.org/@turf/helpers/-/helpers-4.4.0.tgz",
      "integrity": "sha1-yDES9/vm7Rg8fAwvd2SBuU0cvQE="
    },
    "@turf/hex-grid": {
      "version": "4.4.0",
      "resolved": "https://registry.npmjs.org/@turf/hex-grid/-/hex-grid-4.4.0.tgz",
      "integrity": "sha1-WJpPlXEKMW/KNnmp/1vByq841Dk="
    },
    "@turf/idw": {
      "version": "4.4.0",
      "resolved": "https://registry.npmjs.org/@turf/idw/-/idw-4.4.0.tgz",
      "integrity": "sha1-Jgz6D2bMluv57H0WPHQgLyL0Hg0="
    },
    "@turf/inside": {
      "version": "4.4.0",
      "resolved": "https://registry.npmjs.org/@turf/inside/-/inside-4.4.0.tgz",
      "integrity": "sha1-WnjeLA7ZpotJRQj1OuL0tz3XcO8="
    },
    "@turf/intersect": {
      "version": "4.4.0",
      "resolved": "https://registry.npmjs.org/@turf/intersect/-/intersect-4.4.0.tgz",
      "integrity": "sha1-owGcIV5GWBd3/fHhlxRw/yaOgho="
    },
    "@turf/invariant": {
      "version": "4.4.0",
      "resolved": "https://registry.npmjs.org/@turf/invariant/-/invariant-4.4.0.tgz",
      "integrity": "sha1-qsCvuECuQJCPnIA5P0FiItz3nDI="
    },
    "@turf/isobands": {
      "version": "4.4.0",
      "resolved": "https://registry.npmjs.org/@turf/isobands/-/isobands-4.4.0.tgz",
      "integrity": "sha1-apCBBrroKJfU8NQA59nCxs4dEcY=",
      "dependencies": {
        "@turf/area": {
          "version": "3.14.0",
          "resolved": "https://registry.npmjs.org/@turf/area/-/area-3.14.0.tgz",
          "integrity": "sha1-8xl+1OlxDQLNi71VGyXEdv5H6Js="
        },
        "@turf/bbox": {
          "version": "3.14.0",
          "resolved": "https://registry.npmjs.org/@turf/bbox/-/bbox-3.14.0.tgz",
          "integrity": "sha1-zuXzlt3nisqc7eBeESLbGLxQRjU="
        },
        "@turf/explode": {
          "version": "3.14.0",
          "resolved": "https://registry.npmjs.org/@turf/explode/-/explode-3.14.0.tgz",
          "integrity": "sha1-8sweRqOXANVgJGbM1Q9ZpSNBuSw="
        },
        "@turf/helpers": {
          "version": "3.13.0",
          "resolved": "https://registry.npmjs.org/@turf/helpers/-/helpers-3.13.0.tgz",
          "integrity": "sha1-0GB4oUZM9WzbfqYk6h4TpxuIuAY="
        },
        "@turf/inside": {
          "version": "3.14.0",
          "resolved": "https://registry.npmjs.org/@turf/inside/-/inside-3.14.0.tgz",
          "integrity": "sha1-1ravVYgsvbj5pVjcqYaJxnvTxZA="
        },
        "@turf/invariant": {
          "version": "3.13.0",
          "resolved": "https://registry.npmjs.org/@turf/invariant/-/invariant-3.13.0.tgz",
          "integrity": "sha1-iSQzCM1WMgboHlxhYuDSL2GCL5A="
        },
        "@turf/meta": {
          "version": "3.14.0",
          "resolved": "https://registry.npmjs.org/@turf/meta/-/meta-3.14.0.tgz",
          "integrity": "sha1-jTBQwaD0S/QGpjO2vSjFEPe87ic="
        }
      }
    },
    "@turf/isolines": {
      "version": "4.4.0",
      "resolved": "https://registry.npmjs.org/@turf/isolines/-/isolines-4.4.0.tgz",
      "integrity": "sha1-CmhjVasYvoxcjcwN0NqZvJd0gMk="
    },
    "@turf/kinks": {
      "version": "4.4.0",
      "resolved": "https://registry.npmjs.org/@turf/kinks/-/kinks-4.4.0.tgz",
      "integrity": "sha1-FQ60Jxd2vjd/OCSSygSKcDLac1w="
    },
    "@turf/line-arc": {
      "version": "4.4.0",
      "resolved": "https://registry.npmjs.org/@turf/line-arc/-/line-arc-4.4.0.tgz",
      "integrity": "sha1-tNvy7MnA8gdAmi6aE7F8wvAJiW0="
    },
    "@turf/line-chunk": {
      "version": "4.4.0",
      "resolved": "https://registry.npmjs.org/@turf/line-chunk/-/line-chunk-4.4.0.tgz",
      "integrity": "sha1-OkaR/gRkXfzdkgaeSNNtUoxx3r8="
    },
    "@turf/line-distance": {
      "version": "4.4.0",
      "resolved": "https://registry.npmjs.org/@turf/line-distance/-/line-distance-4.4.0.tgz",
      "integrity": "sha1-1xKkIKQjQJrBrmHMaqLHZKqwIEk="
    },
    "@turf/line-intersect": {
      "version": "4.4.0",
      "resolved": "https://registry.npmjs.org/@turf/line-intersect/-/line-intersect-4.4.0.tgz",
      "integrity": "sha1-qmBApFZzejpQmNU4tLsg0FGEUZU="
    },
    "@turf/line-offset": {
      "version": "4.4.0",
      "resolved": "https://registry.npmjs.org/@turf/line-offset/-/line-offset-4.4.0.tgz",
      "integrity": "sha1-7wItLbWASws3zgUAZkYYYRGdyyU="
    },
    "@turf/line-overlap": {
      "version": "4.4.0",
      "resolved": "https://registry.npmjs.org/@turf/line-overlap/-/line-overlap-4.4.0.tgz",
      "integrity": "sha1-PGtWq7ff++U74YKa+fRjsWs2zv8="
    },
    "@turf/line-segment": {
      "version": "4.4.0",
      "resolved": "https://registry.npmjs.org/@turf/line-segment/-/line-segment-4.4.0.tgz",
      "integrity": "sha1-Zg/Avc7WQzTDjVXFpWKADGf/o+w="
    },
    "@turf/line-slice": {
      "version": "4.4.0",
      "resolved": "https://registry.npmjs.org/@turf/line-slice/-/line-slice-4.4.0.tgz",
      "integrity": "sha1-+TZDd6cMjsU0FsXNXcQ99WpL42U="
    },
    "@turf/line-slice-along": {
      "version": "4.4.0",
      "resolved": "https://registry.npmjs.org/@turf/line-slice-along/-/line-slice-along-4.4.0.tgz",
      "integrity": "sha1-KydOrr5LjVfzkuvkItw6Qg+mJao="
    },
    "@turf/line-split": {
      "version": "4.4.0",
      "resolved": "https://registry.npmjs.org/@turf/line-split/-/line-split-4.4.0.tgz",
      "integrity": "sha1-t8LOCclT+bskJ9++wLRBWzkd3Ps="
    },
    "@turf/linestring-to-polygon": {
      "version": "4.4.0",
      "resolved": "https://registry.npmjs.org/@turf/linestring-to-polygon/-/linestring-to-polygon-4.4.0.tgz",
      "integrity": "sha1-S+VORek32FeY5gzyIpVWeXWHaLs="
    },
    "@turf/mask": {
      "version": "4.4.0",
      "resolved": "https://registry.npmjs.org/@turf/mask/-/mask-4.4.0.tgz",
      "integrity": "sha1-ynw4phofwQzC5fZKJ1JKvYlpQp0="
    },
    "@turf/meta": {
      "version": "4.4.0",
      "resolved": "https://registry.npmjs.org/@turf/meta/-/meta-4.4.0.tgz",
      "integrity": "sha1-T6JdTMBSW9TNuvT/aKb4roHxl18="
    },
    "@turf/midpoint": {
      "version": "4.4.0",
      "resolved": "https://registry.npmjs.org/@turf/midpoint/-/midpoint-4.4.0.tgz",
      "integrity": "sha1-NAdbmzXG6M53b8F3DNCXuC2jPFE="
    },
    "@turf/nearest": {
      "version": "4.4.0",
      "resolved": "https://registry.npmjs.org/@turf/nearest/-/nearest-4.4.0.tgz",
      "integrity": "sha1-qI6d/QL+qp4v5olmynrOtEiIrog="
    },
    "@turf/planepoint": {
      "version": "4.4.0",
      "resolved": "https://registry.npmjs.org/@turf/planepoint/-/planepoint-4.4.0.tgz",
      "integrity": "sha1-EDzrvOuUI2fanVOYIoecz/EfLV0="
    },
    "@turf/point-grid": {
      "version": "4.4.0",
      "resolved": "https://registry.npmjs.org/@turf/point-grid/-/point-grid-4.4.0.tgz",
      "integrity": "sha1-Crm2B+Pp2tCbeH/rgXGgVWlHi/c="
    },
    "@turf/point-on-line": {
      "version": "4.4.0",
      "resolved": "https://registry.npmjs.org/@turf/point-on-line/-/point-on-line-4.4.0.tgz",
      "integrity": "sha1-gacftqi3geJ7USwqa+AXpLpkf/Y="
    },
    "@turf/point-on-surface": {
      "version": "4.4.0",
      "resolved": "https://registry.npmjs.org/@turf/point-on-surface/-/point-on-surface-4.4.0.tgz",
      "integrity": "sha1-Zk7juAsvc8xlgOa9wqAAh+j2ZSw="
    },
    "@turf/polygon-tangents": {
      "version": "4.4.0",
      "resolved": "https://registry.npmjs.org/@turf/polygon-tangents/-/polygon-tangents-4.4.0.tgz",
      "integrity": "sha1-rpld5EqIVEi/tAfg0nizXoVGcig="
    },
    "@turf/polygon-to-linestring": {
      "version": "4.4.0",
      "resolved": "https://registry.npmjs.org/@turf/polygon-to-linestring/-/polygon-to-linestring-4.4.0.tgz",
      "integrity": "sha1-xv27df7ELZqtm53Q6xzwfowSFAM="
    },
    "@turf/polygonize": {
      "version": "4.4.0",
      "resolved": "https://registry.npmjs.org/@turf/polygonize/-/polygonize-4.4.0.tgz",
      "integrity": "sha1-GXbEHzrE8RlQQ86IsiOGm0/u0fo="
    },
    "@turf/random": {
      "version": "4.4.0",
      "resolved": "https://registry.npmjs.org/@turf/random/-/random-4.4.0.tgz",
      "integrity": "sha1-9VKrxJ9MOaNMUMVjSyotYL+JARs="
    },
    "@turf/rewind": {
      "version": "4.4.0",
      "resolved": "https://registry.npmjs.org/@turf/rewind/-/rewind-4.4.0.tgz",
      "integrity": "sha1-SUK+Vv44HPuwUiuibrmFFT04bHI="
    },
    "@turf/rhumb-bearing": {
      "version": "4.4.0",
      "resolved": "https://registry.npmjs.org/@turf/rhumb-bearing/-/rhumb-bearing-4.4.0.tgz",
      "integrity": "sha1-9dVbzNP916bCMj0y+MbMbJuQqes="
    },
    "@turf/rhumb-destination": {
      "version": "4.4.0",
      "resolved": "https://registry.npmjs.org/@turf/rhumb-destination/-/rhumb-destination-4.4.0.tgz",
      "integrity": "sha1-DBeT0K2vKMxf4M4O09n52af3i58="
    },
    "@turf/rhumb-distance": {
      "version": "4.4.0",
      "resolved": "https://registry.npmjs.org/@turf/rhumb-distance/-/rhumb-distance-4.4.0.tgz",
      "integrity": "sha1-LnyxjUT6k5MgOQU5zW1A+85qXpA="
    },
    "@turf/sample": {
      "version": "4.4.0",
      "resolved": "https://registry.npmjs.org/@turf/sample/-/sample-4.4.0.tgz",
      "integrity": "sha1-xwCnxKYyVNyaWeFdxLcGCraI67g="
    },
    "@turf/sector": {
      "version": "4.4.0",
      "resolved": "https://registry.npmjs.org/@turf/sector/-/sector-4.4.0.tgz",
      "integrity": "sha1-igvHtKYEjaZoBVQfNcALkEX8ocQ="
    },
    "@turf/simplify": {
      "version": "4.4.0",
      "resolved": "https://registry.npmjs.org/@turf/simplify/-/simplify-4.4.0.tgz",
      "integrity": "sha1-H+FEjxG+IjvGnYPEGVaRHzT1d64="
    },
    "@turf/square": {
      "version": "4.4.0",
      "resolved": "https://registry.npmjs.org/@turf/square/-/square-4.4.0.tgz",
      "integrity": "sha1-Z4xWwaRnjF2gOpC4Jamp1CtYVMU="
    },
    "@turf/square-grid": {
      "version": "4.4.0",
      "resolved": "https://registry.npmjs.org/@turf/square-grid/-/square-grid-4.4.0.tgz",
      "integrity": "sha1-nKtCq1Ok3MJk4Zrpl0ZwOyvRq2o="
    },
    "@turf/tag": {
      "version": "4.4.0",
      "resolved": "https://registry.npmjs.org/@turf/tag/-/tag-4.4.0.tgz",
      "integrity": "sha1-lCK8ol+/vOM9V+9Iq9GWV08/AFM="
    },
    "@turf/tesselate": {
      "version": "4.4.0",
      "resolved": "https://registry.npmjs.org/@turf/tesselate/-/tesselate-4.4.0.tgz",
      "integrity": "sha1-e8yz969Tu9F55ErK6NyC0yGAv6U="
    },
    "@turf/tin": {
      "version": "4.4.0",
      "resolved": "https://registry.npmjs.org/@turf/tin/-/tin-4.4.0.tgz",
      "integrity": "sha1-NQH3IsABx6f5pwEYIvtRVPTJPJM="
    },
    "@turf/transform-rotate": {
      "version": "4.4.0",
      "resolved": "https://registry.npmjs.org/@turf/transform-rotate/-/transform-rotate-4.4.0.tgz",
      "integrity": "sha1-gkIHG8FLw8cMIfcK0ziZdDzXljs="
    },
    "@turf/transform-scale": {
      "version": "4.4.0",
      "resolved": "https://registry.npmjs.org/@turf/transform-scale/-/transform-scale-4.4.0.tgz",
      "integrity": "sha1-soiarZ5ajo0HkNHdG9IsV86NpnU="
    },
    "@turf/transform-translate": {
      "version": "4.4.0",
      "resolved": "https://registry.npmjs.org/@turf/transform-translate/-/transform-translate-4.4.0.tgz",
      "integrity": "sha1-+u7NQcDeJkMORLO9mPck4sLK1ak="
    },
    "@turf/triangle-grid": {
      "version": "4.4.0",
      "resolved": "https://registry.npmjs.org/@turf/triangle-grid/-/triangle-grid-4.4.0.tgz",
      "integrity": "sha1-TX1J9BmDP4X2W8R85uERgeZdD+c="
    },
    "@turf/truncate": {
      "version": "4.4.0",
      "resolved": "https://registry.npmjs.org/@turf/truncate/-/truncate-4.4.0.tgz",
      "integrity": "sha1-GU3u8zuR1rJ8ybM6FBystufOI6A="
    },
    "@turf/turf": {
      "version": "4.4.0",
      "resolved": "https://registry.npmjs.org/@turf/turf/-/turf-4.4.0.tgz",
      "integrity": "sha1-CMO4AHogvQVCH98tYwYe9v0jG1M="
    },
    "@turf/union": {
      "version": "4.4.0",
      "resolved": "https://registry.npmjs.org/@turf/union/-/union-4.4.0.tgz",
      "integrity": "sha1-ytbpV8XvhD9ksGHVlbnohLEs9xA="
    },
    "@turf/unkink-polygon": {
      "version": "4.4.0",
      "resolved": "https://registry.npmjs.org/@turf/unkink-polygon/-/unkink-polygon-4.4.0.tgz",
      "integrity": "sha1-+J53ewQgvRYDjS0+NShvqCymWio="
    },
    "@turf/within": {
      "version": "4.4.0",
      "resolved": "https://registry.npmjs.org/@turf/within/-/within-4.4.0.tgz",
      "integrity": "sha1-PzjzrI/s9dXcGJEAg+e2sxzUUgU="
    },
    "affine-hull": {
      "version": "1.0.0",
      "resolved": "https://registry.npmjs.org/affine-hull/-/affine-hull-1.0.0.tgz",
      "integrity": "sha1-dj/x040GPOt+Jy8X7k17vK+QXF0="
    },
    "apparatus": {
      "version": "0.0.9",
      "resolved": "https://registry.npmjs.org/apparatus/-/apparatus-0.0.9.tgz",
      "integrity": "sha1-N9zSWDStC2UQdllikduCPusZCL0="
    },
    "bindings": {
      "version": "1.2.1",
      "resolved": "https://registry.npmjs.org/bindings/-/bindings-1.2.1.tgz",
      "integrity": "sha1-FK1hE4EtLTfXLme0ystLtyZQXxE=",
      "optional": true
    },
    "bit-twiddle": {
      "version": "1.0.2",
      "resolved": "https://registry.npmjs.org/bit-twiddle/-/bit-twiddle-1.0.2.tgz",
      "integrity": "sha1-DGwfq+KyPRcXPZpht7cJPrnhdp4="
    },
    "convex-hull": {
      "version": "1.0.3",
      "resolved": "https://registry.npmjs.org/convex-hull/-/convex-hull-1.0.3.tgz",
      "integrity": "sha1-IKOqbOh/St6i/30XlxyfwcZ+H/8="
    },
    "d3-array": {
      "version": "1.2.0",
      "resolved": "https://registry.npmjs.org/d3-array/-/d3-array-1.2.0.tgz",
      "integrity": "sha1-FH0mlyDhdMQFen9CvosPPyulMQg="
    },
    "d3-geo": {
      "version": "1.6.4",
      "resolved": "https://registry.npmjs.org/d3-geo/-/d3-geo-1.6.4.tgz",
      "integrity": "sha1-8g4eRhyxhF9ai+Vatvh2VCp+MZk="
    },
    "debug": {
      "version": "2.6.8",
      "resolved": "https://registry.npmjs.org/debug/-/debug-2.6.8.tgz",
      "integrity": "sha1-5zFTHKLt4n0YgiJCfaF4IdaP9Pw="
    },
    "deep-equal": {
      "version": "1.0.1",
      "resolved": "https://registry.npmjs.org/deep-equal/-/deep-equal-1.0.1.tgz",
      "integrity": "sha1-9dJgKStmDghO/0zbyfCK0yR0SLU="
    },
    "earcut": {
      "version": "2.1.1",
      "resolved": "https://registry.npmjs.org/earcut/-/earcut-2.1.1.tgz",
      "integrity": "sha1-FXY05fPrtCIk5HUBboalts5Va0U="
    },
    "geodesy": {
      "version": "1.1.1",
      "resolved": "https://registry.npmjs.org/geodesy/-/geodesy-1.1.1.tgz",
      "integrity": "sha1-kYxBSlzCR8gSgzK3YkBQxGfpil0="
    },
    "geojson-area": {
      "version": "0.2.1",
      "resolved": "https://registry.npmjs.org/geojson-area/-/geojson-area-0.2.1.tgz",
      "integrity": "sha1-JTewmC24YwnyHSxCikJXx6YoLMY="
    },
    "geojson-polygon-self-intersections": {
      "version": "1.1.2",
      "resolved": "https://registry.npmjs.org/geojson-polygon-self-intersections/-/geojson-polygon-self-intersections-1.1.2.tgz",
      "integrity": "sha1-vEnOO+IXUAWAKtbzwjHb3Xxld3s="
    },
    "geojson-random": {
      "version": "0.2.2",
      "resolved": "https://registry.npmjs.org/geojson-random/-/geojson-random-0.2.2.tgz",
      "integrity": "sha1-q0g48SatxeFvj5TmVd74IPkRnbw="
    },
    "geojson-rbush": {
      "version": "1.1.0",
      "resolved": "https://registry.npmjs.org/geojson-rbush/-/geojson-rbush-1.1.0.tgz",
      "integrity": "sha1-9sGsEvgDDIkNQQtrD965Kgs6wxg=",
      "dependencies": {
        "@turf/bbox": {
          "version": "3.14.0",
          "resolved": "https://registry.npmjs.org/@turf/bbox/-/bbox-3.14.0.tgz",
          "integrity": "sha1-zuXzlt3nisqc7eBeESLbGLxQRjU="
        },
        "@turf/helpers": {
          "version": "3.13.0",
          "resolved": "https://registry.npmjs.org/@turf/helpers/-/helpers-3.13.0.tgz",
          "integrity": "sha1-0GB4oUZM9WzbfqYk6h4TpxuIuAY="
        },
        "@turf/meta": {
          "version": "3.14.0",
          "resolved": "https://registry.npmjs.org/@turf/meta/-/meta-3.14.0.tgz",
          "integrity": "sha1-jTBQwaD0S/QGpjO2vSjFEPe87ic="
        }
      }
    },
    "geojson-utils": {
      "version": "1.1.0",
      "resolved": "https://registry.npmjs.org/geojson-utils/-/geojson-utils-1.1.0.tgz",
      "integrity": "sha1-6P+0yBwKdbPjBvUYcmXW8jBA9Qs="
    },
    "get-closest": {
      "version": "0.0.4",
      "resolved": "https://registry.npmjs.org/get-closest/-/get-closest-0.0.4.tgz",
      "integrity": "sha1-JprHdtHmAiqg/Vht1wjop9Miaa8="
    },
    "grid-to-matrix": {
      "version": "1.2.0",
      "resolved": "https://registry.npmjs.org/grid-to-matrix/-/grid-to-matrix-1.2.0.tgz",
      "integrity": "sha1-sBbfTXb5lua3RmPquc65E1RmV+k="
    },
    "incremental-convex-hull": {
      "version": "1.0.1",
      "resolved": "https://registry.npmjs.org/incremental-convex-hull/-/incremental-convex-hull-1.0.1.tgz",
      "integrity": "sha1-UUKMFMudmmFEv+abKFH7N3M0vh4="
    },
    "jsts": {
      "version": "1.3.0",
      "resolved": "https://registry.npmjs.org/jsts/-/jsts-1.3.0.tgz",
      "integrity": "sha1-6Tp2+XrJvafUYl2dZHDw1grIDkU="
    },
    "lineclip": {
      "version": "1.1.5",
      "resolved": "https://registry.npmjs.org/lineclip/-/lineclip-1.1.5.tgz",
      "integrity": "sha1-K/JgZ9lDVP6r+R5CdoI221YW/RM="
    },
    "marchingsquares": {
      "version": "1.2.0",
      "resolved": "https://registry.npmjs.org/marchingsquares/-/marchingsquares-1.2.0.tgz",
      "integrity": "sha1-Nq4tzBcL5XbUJXmqw8RtqJq2UOY="
    },
    "monotone-convex-hull-2d": {
      "version": "1.0.1",
      "resolved": "https://registry.npmjs.org/monotone-convex-hull-2d/-/monotone-convex-hull-2d-1.0.1.tgz",
      "integrity": "sha1-R/Xa6t88Sv03dkuqGqh4ekDu4Iw="
    },
    "ms": {
      "version": "2.0.0",
      "resolved": "https://registry.npmjs.org/ms/-/ms-2.0.0.tgz",
      "integrity": "sha1-VgiurfwAvmwpAd9fmGF4jeDVl8g="
    },
    "nan": {
      "version": "2.6.2",
      "resolved": "https://registry.npmjs.org/nan/-/nan-2.6.2.tgz",
      "integrity": "sha1-5P805slf37WuzAjeZZb0NgWn20U=",
      "optional": true
    },
    "natural": {
      "version": "0.5.4",
      "resolved": "https://registry.npmjs.org/natural/-/natural-0.5.4.tgz",
      "integrity": "sha1-rOQcFlXayikS37+ZrXsFMU4gX1Q="
    },
    "polygonize": {
      "version": "1.0.1",
      "resolved": "https://registry.npmjs.org/polygonize/-/polygonize-1.0.1.tgz",
      "integrity": "sha1-UftwQJFL4PvEOwvVTUIddfwq56Y="
    },
    "quickselect": {
      "version": "1.0.0",
      "resolved": "https://registry.npmjs.org/quickselect/-/quickselect-1.0.0.tgz",
      "integrity": "sha1-AmMIGPmq5OyrJvAQP5jQYcF8WPM="
    },
    "rbush": {
      "version": "2.0.1",
      "resolved": "https://registry.npmjs.org/rbush/-/rbush-2.0.1.tgz",
      "integrity": "sha1-TPrKKMMGS8DudUMaG3mZDode76k="
    },
    "robust-orientation": {
      "version": "1.1.3",
      "resolved": "https://registry.npmjs.org/robust-orientation/-/robust-orientation-1.1.3.tgz",
      "integrity": "sha1-2v9bANO+TmByLw6cAVbvln8cIEk="
    },
    "robust-scale": {
      "version": "1.0.2",
      "resolved": "https://registry.npmjs.org/robust-scale/-/robust-scale-1.0.2.tgz",
      "integrity": "sha1-d1Ey7QlULQKOWLLMecBikLz3jDI="
    },
    "robust-subtract": {
      "version": "1.0.0",
      "resolved": "https://registry.npmjs.org/robust-subtract/-/robust-subtract-1.0.0.tgz",
      "integrity": "sha1-4LFk4e2LpOOl3aRaEgODSNvtPpo="
    },
    "robust-sum": {
      "version": "1.0.0",
      "resolved": "https://registry.npmjs.org/robust-sum/-/robust-sum-1.0.0.tgz",
      "integrity": "sha1-FmRuUlKStNJdgnV6KGlV4Lv6U9k="
    },
    "simplepolygon": {
      "version": "1.1.7",
      "resolved": "https://registry.npmjs.org/simplepolygon/-/simplepolygon-1.1.7.tgz",
      "integrity": "sha1-9wmQ9Jr1A8Pyj+t5suPCHbuDjoY=",
      "dependencies": {
        "@turf/area": {
          "version": "3.14.0",
          "resolved": "https://registry.npmjs.org/@turf/area/-/area-3.14.0.tgz",
          "integrity": "sha1-8xl+1OlxDQLNi71VGyXEdv5H6Js="
        },
        "@turf/helpers": {
          "version": "3.13.0",
          "resolved": "https://registry.npmjs.org/@turf/helpers/-/helpers-3.13.0.tgz",
          "integrity": "sha1-0GB4oUZM9WzbfqYk6h4TpxuIuAY="
        },
        "@turf/inside": {
          "version": "3.14.0",
          "resolved": "https://registry.npmjs.org/@turf/inside/-/inside-3.14.0.tgz",
          "integrity": "sha1-1ravVYgsvbj5pVjcqYaJxnvTxZA="
        },
        "@turf/invariant": {
          "version": "3.13.0",
          "resolved": "https://registry.npmjs.org/@turf/invariant/-/invariant-3.13.0.tgz",
          "integrity": "sha1-iSQzCM1WMgboHlxhYuDSL2GCL5A="
        },
        "@turf/meta": {
          "version": "3.14.0",
          "resolved": "https://registry.npmjs.org/@turf/meta/-/meta-3.14.0.tgz",
          "integrity": "sha1-jTBQwaD0S/QGpjO2vSjFEPe87ic="
        },
        "@turf/within": {
          "version": "3.14.0",
          "resolved": "https://registry.npmjs.org/@turf/within/-/within-3.14.0.tgz",
          "integrity": "sha1-iRpXgyPCkrl5ImkDLddIcODhTFM="
        }
      }
    },
    "simplicial-complex": {
      "version": "1.0.0",
      "resolved": "https://registry.npmjs.org/simplicial-complex/-/simplicial-complex-1.0.0.tgz",
      "integrity": "sha1-bDOk7Wn81Nkbe8rdOzC2NoPq4kE="
    },
    "simplify-js": {
      "version": "1.2.1",
      "resolved": "https://registry.npmjs.org/simplify-js/-/simplify-js-1.2.1.tgz",
      "integrity": "sha1-+iFrQEVPSBdUUOD+ob0earOfy8A="
    },
    "sylvester": {
      "version": "0.0.21",
      "resolved": "https://registry.npmjs.org/sylvester/-/sylvester-0.0.21.tgz",
      "integrity": "sha1-KYexzivS84sNzio0OIiEv6RADqc="
    },
    "turf-is-clockwise": {
      "version": "1.0.0",
      "resolved": "https://registry.npmjs.org/turf-is-clockwise/-/turf-is-clockwise-1.0.0.tgz",
      "integrity": "sha1-3CLl/9TPEJNGg6oARifP+Hpt/pE="
    },
    "turf-overlaps": {
      "version": "1.0.3",
      "resolved": "https://registry.npmjs.org/turf-overlaps/-/turf-overlaps-1.0.3.tgz",
      "integrity": "sha1-RxHJFGaFOvA7POliWFrsqfwjJfU="
    },
    "two-product": {
      "version": "1.0.2",
      "resolved": "https://registry.npmjs.org/two-product/-/two-product-1.0.2.tgz",
      "integrity": "sha1-Z9ldSyV6kh4stL16+VEfkIhSLqo="
    },
    "two-sum": {
      "version": "1.0.0",
      "resolved": "https://registry.npmjs.org/two-sum/-/two-sum-1.0.0.tgz",
      "integrity": "sha1-MdPzIjnk9zHsqd+RVeKyl/AIq2Q="
    },
    "underscore": {
      "version": "1.8.3",
      "resolved": "https://registry.npmjs.org/underscore/-/underscore-1.8.3.tgz",
      "integrity": "sha1-Tz+1OxBuYJf8+ctBCfKl6b36UCI="
    },
    "union-find": {
      "version": "1.0.2",
      "resolved": "https://registry.npmjs.org/union-find/-/union-find-1.0.2.tgz",
      "integrity": "sha1-KSusQV5q06iVNdI3AQ20pTYoTlg="
    },
    "webworker-threads": {
      "version": "0.7.11",
      "resolved": "https://registry.npmjs.org/webworker-threads/-/webworker-threads-0.7.11.tgz",
      "integrity": "sha1-nVTfqo1eozCIMwhGgGNrWEqKrKo=",
      "optional": true
    },
    "wgs84": {
      "version": "0.0.0",
      "resolved": "https://registry.npmjs.org/wgs84/-/wgs84-0.0.0.tgz",
      "integrity": "sha1-NP3FVZF7blfPKigu0ENxDASc3HY="
    }
  }
}
